Microsoft Visual Studio Solution File, Format Version 12.00
# Visual Studio Version 17
VisualStudioVersion = 17.5.002.0
MinimumVisualStudioVersion = 10.0.40219.1
Project("{9A19103F-16F7-4668-BE54-9A1E7A4F7556}") = "ematryw", "ematryw.csproj", "{9865AEDC-3510-4CD9-9C5A-7A259CBC65A3}"
EndProject
Global
	GlobalSection(SolutionConfigurationPlatforms) = preSolution
		Debug|Any CPU = Debug|Any CPU
		Release|Any CPU = Release|Any CPU
	EndGlobalSection
	GlobalSection(ProjectConfigurationPlatforms) = postSolution
		{9865AEDC-3510-4CD9-9C5A-7A259CBC65A3}.Debug|Any CPU.ActiveCfg = Debug|Any CPU
		{9865AEDC-3510-4CD9-9C5A-7A259CBC65A3}.Debug|Any CPU.Build.0 = Debug|Any CPU
		{9865AEDC-3510-4CD9-9C5A-7A259CBC65A3}.Release|Any CPU.ActiveCfg = Release|Any CPU
		{9865AEDC-3510-4CD9-9C5A-7A259CBC65A3}.Release|Any CPU.Build.0 = Release|Any CPU
	EndGlobalSection
	GlobalSection(SolutionProperties) = preSolution
		HideSolutionNode = FALSE
	EndGlobalSection
	GlobalSection(ExtensibilityGlobals) = postSolution
		SolutionGuid = {227FE78B-52D0-4387-8163-4E9D0FFB7EAC}
	EndGlobalSection
EndGlobal